
Microsoft Visual Studio Solution File, Format Version 12.00
# Visual Studio Version 17
VisualStudioVersion = 17.14.36301.6
MinimumVisualStudioVersion = 10.0.40219.1
Project("{FAE04EC0-301F-11D3-BF4B-00C04F79EFBC}") = "AspNetCore8Test", "AspNetCore8Test\AspNetCore8Test.csproj", "{389532C9-78B4-494E-95C5-0AD814586A19}"
EndProject
Project("{2150E333-8FDC-42A3-9474-1A3956D46DE8}") = "方案項目", "方案項目", "{8DDC4786-5FC8-F15C-1CA5-9F41FD4BEB75}"
	ProjectSection(SolutionItems) = preProject
		.github\workflows\ci.yml = .github\workflows\ci.yml
	EndProjectSection
EndProject
Project("{FAE04EC0-301F-11D3-BF4B-00C04F79EFBC}") = "AspNetCore8Test.Tests", "AspNetCore8Test.Tests\AspNetCore8Test.Tests.csproj", "{2C6DD240-E939-623F-3291-8F2BB82F2A76}"
EndProject
Global
	GlobalSection(SolutionConfigurationPlatforms) = preSolution
		Debug|Any CPU = Debug|Any CPU
		Release|Any CPU = Release|Any CPU
	EndGlobalSection
	GlobalSection(ProjectConfigurationPlatforms) = postSolution
		{389532C9-78B4-494E-95C5-0AD814586A19}.Debug|Any CPU.ActiveCfg = Debug|Any CPU
		{389532C9-78B4-494E-95C5-0AD814586A19}.Debug|Any CPU.Build.0 = Debug|Any CPU
		{389532C9-78B4-494E-95C5-0AD814586A19}.Release|Any CPU.ActiveCfg = Release|Any CPU
		{389532C9-78B4-494E-95C5-0AD814586A19}.Release|Any CPU.Build.0 = Release|Any CPU
		{2C6DD240-E939-623F-3291-8F2BB82F2A76}.Debug|Any CPU.ActiveCfg = Debug|Any CPU
		{2C6DD240-E939-623F-3291-8F2BB82F2A76}.Debug|Any CPU.Build.0 = Debug|Any CPU
		{2C6DD240-E939-623F-3291-8F2BB82F2A76}.Release|Any CPU.ActiveCfg = Release|Any CPU
		{2C6DD240-E939-623F-3291-8F2BB82F2A76}.Release|Any CPU.Build.0 = Release|Any CPU
	EndGlobalSection
	GlobalSection(SolutionProperties) = preSolution
		HideSolutionNode = FALSE
	EndGlobalSection
	GlobalSection(ExtensibilityGlobals) = postSolution
		SolutionGuid = {C0AB1944-16FE-404B-8D3B-4C84F699D79B}
	EndGlobalSection
EndGlobal
